{
    "_readme": [
        "This file locks the dependencies of your project to a known state",
        "Read more about it at https://getcomposer.org/doc/01-basic-usage.md#installing-dependencies",
        "This file is @generated automatically"
    ],
    "content-hash": "da9fd8a08615562016a0c79517c1b4e2",
    "packages": [
        {
            "name": "archi-strasbourg/sections-count",
            "version": "1.0.0",
            "source": {
                "type": "git",
                "url": "https://github.com/Archi-Strasbourg/mediawiki-sections-count.git",
                "reference": "b62fff74c910caae36591ff2af83f0097743e785"
            },
            "dist": {
                "type": "zip",
                "url": "https://api.github.com/repos/Archi-Strasbourg/mediawiki-sections-count/zipball/b62fff74c910caae36591ff2af83f0097743e785",
                "reference": "b62fff74c910caae36591ff2af83f0097743e785",
                "shasum": ""
            },
            "require-dev": {
                "mockery/mockery": "~0.9.5",
                "phpunit/phpunit": "~5.6.1",
                "squizlabs/php_codesniffer": "~2.7.0",
                "symfony/var-dumper": "~3.1.0"
            },
            "type": "mediawiki-extension",
            "notification-url": "https://packagist.org/downloads/",
            "license": [
                "GPL-3.0"
            ],
            "authors": [
                {
                    "name": "Pierre Rudloff",
                    "email": "contact@rudloff.pro",
                    "homepage": "https://rudloff.pro/",
                    "role": "Developer"
                }
            ],
            "description": "MediaWiki magic word that displays the number of sections in a page",
            "time": "2017-09-07T17:02:59+00:00"
        }
    ],
    "packages-dev": [],
    "aliases": [],
    "minimum-stability": "stable",
    "stability-flags": {},
    "prefer-stable": false,
    "prefer-lowest": false,
    "platform": {},
    "platform-dev": {},
    "plugin-api-version": "2.6.0"
}
